
Microsoft Visual Studio Solution File, Format Version 12.00
# Visual Studio Version 17
VisualStudioVersion = 17.6.33927.249
MinimumVisualStudioVersion = 10.0.40219.1
Project("{FAE04EC0-301F-11D3-BF4B-00C04F79EFBC}") = "FShop", "FShop\FShop.csproj", "{9B396B84-F5E4-4310-9656-00622C54A8D2}"
EndProject
Project("{FAE04EC0-301F-11D3-BF4B-00C04F79EFBC}") = "FShop.Business.User", "FShop.Business.User\FShop.Business.User.csproj", "{0EB8293C-1D6B-44E9-8C8D-4EE147CDF3DC}"
EndProject
Project("{FAE04EC0-301F-11D3-BF4B-00C04F79EFBC}") = "FShop.Business.Base", "FShop.Business.Base\FShop.Business.Base.csproj", "{72429E5E-F69D-4F2B-8FA1-4C38BC7047FE}"
EndProject
Project("{FAE04EC0-301F-11D3-BF4B-00C04F79EFBC}") = "FShop.Models", "FShop.Models\FShop.Models.csproj", "{B63355F9-3BDC-4E65-8344-522F9BC93D9D}"
EndProject
Global
	GlobalSection(SolutionConfigurationPlatforms) = preSolution
		Debug|Any CPU = Debug|Any CPU
		Release|Any CPU = Release|Any CPU
	EndGlobalSection
	GlobalSection(ProjectConfigurationPlatforms) = postSolution
		{9B396B84-F5E4-4310-9656-00622C54A8D2}.Debug|Any CPU.ActiveCfg = Debug|Any CPU
		{9B396B84-F5E4-4310-9656-00622C54A8D2}.Debug|Any CPU.Build.0 = Debug|Any CPU
		{9B396B84-F5E4-4310-9656-00622C54A8D2}.Release|Any CPU.ActiveCfg = Release|Any CPU
		{9B396B84-F5E4-4310-9656-00622C54A8D2}.Release|Any CPU.Build.0 = Release|Any CPU
		{0EB8293C-1D6B-44E9-8C8D-4EE147CDF3DC}.Debug|Any CPU.ActiveCfg = Debug|Any CPU
		{0EB8293C-1D6B-44E9-8C8D-4EE147CDF3DC}.Debug|Any CPU.Build.0 = Debug|Any CPU
		{0EB8293C-1D6B-44E9-8C8D-4EE147CDF3DC}.Release|Any CPU.ActiveCfg = Release|Any CPU
		{0EB8293C-1D6B-44E9-8C8D-4EE147CDF3DC}.Release|Any CPU.Build.0 = Release|Any CPU
		{72429E5E-F69D-4F2B-8FA1-4C38BC7047FE}.Debug|Any CPU.ActiveCfg = Debug|Any CPU
		{72429E5E-F69D-4F2B-8FA1-4C38BC7047FE}.Debug|Any CPU.Build.0 = Debug|Any CPU
		{72429E5E-F69D-4F2B-8FA1-4C38BC7047FE}.Release|Any CPU.ActiveCfg = Release|Any CPU
		{72429E5E-F69D-4F2B-8FA1-4C38BC7047FE}.Release|Any CPU.Build.0 = Release|Any CPU
		{B63355F9-3BDC-4E65-8344-522F9BC93D9D}.Debug|Any CPU.ActiveCfg = Debug|Any CPU
		{B63355F9-3BDC-4E65-8344-522F9BC93D9D}.Debug|Any CPU.Build.0 = Debug|Any CPU
		{B63355F9-3BDC-4E65-8344-522F9BC93D9D}.Release|Any CPU.ActiveCfg = Release|Any CPU
		{B63355F9-3BDC-4E65-8344-522F9BC93D9D}.Release|Any CPU.Build.0 = Release|Any CPU
	EndGlobalSection
	GlobalSection(SolutionProperties) = preSolution
		HideSolutionNode = FALSE
	EndGlobalSection
	GlobalSection(ExtensibilityGlobals) = postSolution
		SolutionGuid = {BF261BBF-CB99-446B-BE01-C758C46466F4}
	EndGlobalSection
EndGlobal
